PODS:
  - DarkEggKit (0.5.1):
    - DarkEggKit/Common (= 0.5.1)
  - DarkEggKit/AnimatedImageView (0.5.1):
    - DarkEggKit/Common
  - DarkEggKit/BarChart (0.5.1):
    - DarkEggKit/Common
  - DarkEggKit/ButtonMenu (0.5.1):
    - DarkEggKit/Common
  - DarkEggKit/Common (0.5.1)
  - DarkEggKit/DoughnutChart (0.5.1):
    - DarkEggKit/Common
  - DarkEggKit/PaddingLabel (0.5.1):
    - DarkEggKit/Common
  - DarkEggKit/PopupMessage (0.5.1):
    - DarkEggKit/Common
  - DarkEggKit/SideMenu (0.5.1):
    - DarkEggKit/Common

DEPENDENCIES:
  - DarkEggKit (from `../`)
  - DarkEggKit/AnimatedImageView (from `../`)
  - DarkEggKit/BarChart (from `../`)
  - DarkEggKit/ButtonMenu (from `../`)
  - DarkEggKit/DoughnutChart (from `../`)
  - DarkEggKit/PaddingLabel (from `../`)
  - DarkEggKit/PopupMessage (from `../`)
  - DarkEggKit/SideMenu (from `../`)

EXTERNAL SOURCES:
  DarkEggKit:
    :path: "../"

SPEC CHECKSUMS:
  DarkEggKit: 6c3e3d04bdbc63d2f75581c83ea5d36437e07bef

PODFILE CHECKSUM: 4cd41c5d220008e94d554f81968f303a550f2cc8

COCOAPODS: 1.8.4
