PODS:
  - DarkEggKit (0.4.0):
    - DarkEggKit/Common (= 0.4.0)
  - DarkEggKit/AnimatedImageView (0.4.0):
    - DarkEggKit/Common
  - DarkEggKit/ButtonMenu (0.4.0):
    - DarkEggKit/Common
  - DarkEggKit/Common (0.4.0)
  - DarkEggKit/DoughnutChart (0.4.0):
    - DarkEggKit/Common
  - DarkEggKit/PaddingLabel (0.4.0):
    - DarkEggKit/Common
  - DarkEggKit/PopupMessage (0.4.0):
    - DarkEggKit/Common
  - DarkEggKit/SideMenu (0.4.0):
    - DarkEggKit/Common

DEPENDENCIES:
  - DarkEggKit (from `../`)
  - DarkEggKit/AnimatedImageView (from `../`)
  - DarkEggKit/ButtonMenu (from `../`)
  - DarkEggKit/DoughnutChart (from `../`)
  - DarkEggKit/PaddingLabel (from `../`)
  - DarkEggKit/PopupMessage (from `../`)
  - DarkEggKit/SideMenu (from `../`)

EXTERNAL SOURCES:
  DarkEggKit:
    :path: "../"

SPEC CHECKSUMS:
  DarkEggKit: 9d8e50a89a7224320f1cc4573f53d407dde8e789

PODFILE CHECKSUM: eaf0600c713f013d8ae095f03c11ac462fefee18

COCOAPODS: 1.8.4
